// !$*UTF8*$!
{
	archiveVersion = 1;
	classes = {
	};
	objectVersion = 51;
	objects = {

/* Begin PBXBuildFile section */
		A15E2173BB5D4D8705172ECB /* libPods-GithubBank-GithubBankUITests.a in Frameworks */ = {isa = PBXBuildFile; fileRef = 07A26C142C4C2A21B7A27F57 /* libPods-GithubBank-GithubBankUITests.a */; };
		CF4F329F414F5B812013CB01 /* libPods-GithubBankTests.a in Frameworks */ = {isa = PBXBuildFile; fileRef = 641EAF4EDB2021A9B8875267 /* libPods-GithubBankTests.a */; };
		D4ABC8153C158A00C8E26E54 /* libPods-GithubBank.a in Frameworks */ = {isa = PBXBuildFile; fileRef = 88AD6A7E64ADB046FA8AC0A6 /* libPods-GithubBank.a */; };
		EF0FF397259CC31C000D6E3F /* OwnerData.swift in Sources */ = {isa = PBXBuildFile; fileRef = EF0FF396259CC31C000D6E3F /* OwnerData.swift */; };
		EF0FF39C259CC6EA000D6E3F /* CellView.swift in Sources */ = {isa = PBXBuildFile; fileRef = EF0FF39B259CC6EA000D6E3F /* CellView.swift */; };
		EF0FF3A1259CC87D000D6E3F /* StarsCounter.swift in Sources */ = {isa = PBXBuildFile; fileRef = EF0FF3A0259CC87D000D6E3F /* StarsCounter.swift */; };
		EF0FF3A6259CCA8C000D6E3F /* MainComponents.swift in Sources */ = {isa = PBXBuildFile; fileRef = EF0FF3A5259CCA8C000D6E3F /* MainComponents.swift */; };
		EF26A48B259A707200ED5D2F /* AppDelegate.swift in Sources */ = {isa = PBXBuildFile; fileRef = EF26A48A259A707200ED5D2F /* AppDelegate.swift */; };
		EF26A48D259A707200ED5D2F /* SceneDelegate.swift in Sources */ = {isa = PBXBuildFile; fileRef = EF26A48C259A707200ED5D2F /* SceneDelegate.swift */; };
		EF26A48F259A707200ED5D2F /* ViewController.swift in Sources */ = {isa = PBXBuildFile; fileRef = EF26A48E259A707200ED5D2F /* ViewController.swift */; };
		EF26A494259A707300ED5D2F /* Assets.xcassets in Resources */ = {isa = PBXBuildFile; fileRef = EF26A493259A707300ED5D2F /* Assets.xcassets */; };
		EF26A497259A707300ED5D2F /* LaunchScreen.storyboard in Resources */ = {isa = PBXBuildFile; fileRef = EF26A495259A707300ED5D2F /* LaunchScreen.storyboard */; };
		EF26A4A2259A707300ED5D2F /* GithubBankTests.swift in Sources */ = {isa = PBXBuildFile; fileRef = EF26A4A1259A707300ED5D2F /* GithubBankTests.swift */; };
		EF26A4AD259A707300ED5D2F /* GithubBankUITests.swift in Sources */ = {isa = PBXBuildFile; fileRef = EF26A4AC259A707300ED5D2F /* GithubBankUITests.swift */; };
		EF26A4E1259A73C300ED5D2F /* Roboto-Bold.ttf in Resources */ = {isa = PBXBuildFile; fileRef = EF26A4DE259A73C300ED5D2F /* Roboto-Bold.ttf */; };
		EF26A4E2259A73C300ED5D2F /* Roboto-Regular.ttf in Resources */ = {isa = PBXBuildFile; fileRef = EF26A4DF259A73C300ED5D2F /* Roboto-Regular.ttf */; };
		EF26A4E3259A73C300ED5D2F /* Roboto-Thin.ttf in Resources */ = {isa = PBXBuildFile; fileRef = EF26A4E0259A73C300ED5D2F /* Roboto-Thin.ttf */; };
		EF26A4E8259A7B2900ED5D2F /* Endpoints.swift in Sources */ = {isa = PBXBuildFile; fileRef = EF26A4E7259A7B2900ED5D2F /* Endpoints.swift */; };
		EF26A4EE259A7BCC00ED5D2F /* Worker.swift in Sources */ = {isa = PBXBuildFile; fileRef = EF26A4ED259A7BCC00ED5D2F /* Worker.swift */; };
		EF26A4F4259A7C1700ED5D2F /* Request.swift in Sources */ = {isa = PBXBuildFile; fileRef = EF26A4F3259A7C1700ED5D2F /* Request.swift */; };
		EF26A4FC259A7D8100ED5D2F /* Response.swift in Sources */ = {isa = PBXBuildFile; fileRef = EF26A4FB259A7D8100ED5D2F /* Response.swift */; };
		EF26A501259A7D9800ED5D2F /* ServerError.swift in Sources */ = {isa = PBXBuildFile; fileRef = EF26A500259A7D9800ED5D2F /* ServerError.swift */; };
		EF26A509259A7DD400ED5D2F /* MainData.swift in Sources */ = {isa = PBXBuildFile; fileRef = EF26A508259A7DD400ED5D2F /* MainData.swift */; };
		EF26A50E259A7E3800ED5D2F /* Repository.swift in Sources */ = {isa = PBXBuildFile; fileRef = EF26A50D259A7E3800ED5D2F /* Repository.swift */; };
		EF26A513259A7E9200ED5D2F /* Owner.swift in Sources */ = {isa = PBXBuildFile; fileRef = EF26A512259A7E9200ED5D2F /* Owner.swift */; };
		EF26A518259BA8BE00ED5D2F /* ViewCode.swift in Sources */ = {isa = PBXBuildFile; fileRef = EF26A517259BA8BE00ED5D2F /* ViewCode.swift */; };
		EF26A51D259BA9D000ED5D2F /* Color+Extension.swift in Sources */ = {isa = PBXBuildFile; fileRef = EF26A51C259BA9D000ED5D2F /* Color+Extension.swift */; };
		EF26A522259BAB9100ED5D2F /* Constants.swift in Sources */ = {isa = PBXBuildFile; fileRef = EF26A521259BAB9100ED5D2F /* Constants.swift */; };
		EF26A527259BCB3500ED5D2F /* ContainerView.swift in Sources */ = {isa = PBXBuildFile; fileRef = EF26A526259BCB3500ED5D2F /* ContainerView.swift */; };
		EF26A536259BD66F00ED5D2F /* MainInteractor.swift in Sources */ = {isa = PBXBuildFile; fileRef = EF26A535259BD66F00ED5D2F /* MainInteractor.swift */; };
		EF26A53E259BD82B00ED5D2F /* RepositoriesCollectionView.swift in Sources */ = {isa = PBXBuildFile; fileRef = EF26A53D259BD82B00ED5D2F /* RepositoriesCollectionView.swift */; };
		EF26A543259BD85700ED5D2F /* RepositoriesCollectionViewCell.swift in Sources */ = {isa = PBXBuildFile; fileRef = EF26A542259BD85700ED5D2F /* RepositoriesCollectionViewCell.swift */; };
		EF26A548259BD90200ED5D2F /* MainModels.swift in Sources */ = {isa = PBXBuildFile; fileRef = EF26A547259BD90200ED5D2F /* MainModels.swift */; };
		EF26A550259BDA3800ED5D2F /* MainPresenter.swift in Sources */ = {isa = PBXBuildFile; fileRef = EF26A54F259BDA3800ED5D2F /* MainPresenter.swift */; };
/* End PBXBuildFile section */

/* Begin PBXContainerItemProxy section */
		EF26A49E259A707300ED5D2F /* PBXContainerItemProxy */ = {
			isa = PBXContainerItemProxy;
			containerPortal = EF26A47F259A707100ED5D2F /* Project object */;
			proxyType = 1;
			remoteGlobalIDString = EF26A486259A707100ED5D2F;
			remoteInfo = GithubBank;
		};
		EF26A4A9259A707300ED5D2F /* PBXContainerItemProxy */ = {
			isa = PBXContainerItemProxy;
			containerPortal = EF26A47F259A707100ED5D2F /* Project object */;
			proxyType = 1;
			remoteGlobalIDString = EF26A486259A707100ED5D2F;
			remoteInfo = GithubBank;
		};
/* End PBXContainerItemProxy section */

/* Begin PBXFileReference section */
		07A26C142C4C2A21B7A27F57 /* libPods-GithubBank-GithubBankUITests.a */ = {isa = PBXFileReference; explicitFileType = archive.ar; includeInIndex = 0; path = "libPods-GithubBank-GithubBankUITests.a"; sourceTree = BUILT_PRODUCTS_DIR; };
		641EAF4EDB2021A9B8875267 /* libPods-GithubBankTests.a */ = {isa = PBXFileReference; explicitFileType = archive.ar; includeInIndex = 0; path = "libPods-GithubBankTests.a"; sourceTree = BUILT_PRODUCTS_DIR; };
		6562D8BBD945AF6418033330 /* Pods-GithubBank.release.xcconfig */ = {isa = PBXFileReference; includeInIndex = 1; lastKnownFileType = text.xcconfig; name = "Pods-GithubBank.release.xcconfig"; path = "Target Support Files/Pods-GithubBank/Pods-GithubBank.release.xcconfig"; sourceTree = "<group>"; };
		88AD6A7E64ADB046FA8AC0A6 /* libPods-GithubBank.a */ = {isa = PBXFileReference; explicitFileType = archive.ar; includeInIndex = 0; path = "libPods-GithubBank.a"; sourceTree = BUILT_PRODUCTS_DIR; };
		A1C650BF7E8FA33511D810F9 /* Pods-GithubBankTests.debug.xcconfig */ = {isa = PBXFileReference; includeInIndex = 1; lastKnownFileType = text.xcconfig; name = "Pods-GithubBankTests.debug.xcconfig"; path = "Target Support Files/Pods-GithubBankTests/Pods-GithubBankTests.debug.xcconfig"; sourceTree = "<group>"; };
		CA7DD489167EF3A0CFF59DF4 /* Pods-GithubBank-GithubBankUITests.debug.xcconfig */ = {isa = PBXFileReference; includeInIndex = 1; lastKnownFileType = text.xcconfig; name = "Pods-GithubBank-GithubBankUITests.debug.xcconfig"; path = "Target Support Files/Pods-GithubBank-GithubBankUITests/Pods-GithubBank-GithubBankUITests.debug.xcconfig"; sourceTree = "<group>"; };
		E75A2D9252C684BAF8905F3F /* Pods-GithubBank.debug.xcconfig */ = {isa = PBXFileReference; includeInIndex = 1; lastKnownFileType = text.xcconfig; name = "Pods-GithubBank.debug.xcconfig"; path = "Target Support Files/Pods-GithubBank/Pods-GithubBank.debug.xcconfig"; sourceTree = "<group>"; };
		EF0FF396259CC31C000D6E3F /* OwnerData.swift */ = {isa = PBXFileReference; lastKnownFileType = sourcecode.swift; path = OwnerData.swift; sourceTree = "<group>"; };
		EF0FF39B259CC6EA000D6E3F /* CellView.swift */ = {isa = PBXFileReference; lastKnownFileType = sourcecode.swift; path = CellView.swift; sourceTree = "<group>"; };
		EF0FF3A0259CC87D000D6E3F /* StarsCounter.swift */ = {isa = PBXFileReference; lastKnownFileType = sourcecode.swift; path = StarsCounter.swift; sourceTree = "<group>"; };
		EF0FF3A5259CCA8C000D6E3F /* MainComponents.swift */ = {isa = PBXFileReference; lastKnownFileType = sourcecode.swift; path = MainComponents.swift; sourceTree = "<group>"; };
		EF26A487259A707200ED5D2F /* GithubBank.app */ = {isa = PBXFileReference; explicitFileType = wrapper.application; includeInIndex = 0; path = GithubBank.app; sourceTree = BUILT_PRODUCTS_DIR; };
		EF26A48A259A707200ED5D2F /* AppDelegate.swift */ = {isa = PBXFileReference; lastKnownFileType = sourcecode.swift; path = AppDelegate.swift; sourceTree = "<group>"; };
		EF26A48C259A707200ED5D2F /* SceneDelegate.swift */ = {isa = PBXFileReference; lastKnownFileType = sourcecode.swift; path = SceneDelegate.swift; sourceTree = "<group>"; };
		EF26A48E259A707200ED5D2F /* ViewController.swift */ = {isa = PBXFileReference; lastKnownFileType = sourcecode.swift; path = ViewController.swift; sourceTree = "<group>"; };
		EF26A493259A707300ED5D2F /* Assets.xcassets */ = {isa = PBXFileReference; lastKnownFileType = folder.assetcatalog; path = Assets.xcassets; sourceTree = "<group>"; };
		EF26A496259A707300ED5D2F /* Base */ = {isa = PBXFileReference; lastKnownFileType = file.storyboard; name = Base; path = Base.lproj/LaunchScreen.storyboard; sourceTree = "<group>"; };
		EF26A498259A707300ED5D2F /* Info.plist */ = {isa = PBXFileReference; lastKnownFileType = text.plist.xml; path = Info.plist; sourceTree = "<group>"; };
		EF26A49D259A707300ED5D2F /* GithubBankTests.xctest */ = {isa = PBXFileReference; explicitFileType = wrapper.cfbundle; includeInIndex = 0; path = GithubBankTests.xctest; sourceTree = BUILT_PRODUCTS_DIR; };
		EF26A4A1259A707300ED5D2F /* GithubBankTests.swift */ = {isa = PBXFileReference; lastKnownFileType = sourcecode.swift; path = GithubBankTests.swift; sourceTree = "<group>"; };
		EF26A4A3259A707300ED5D2F /* Info.plist */ = {isa = PBXFileReference; lastKnownFileType = text.plist.xml; path = Info.plist; sourceTree = "<group>"; };
		EF26A4A8259A707300ED5D2F /* GithubBankUITests.xctest */ = {isa = PBXFileReference; explicitFileType = wrapper.cfbundle; includeInIndex = 0; path = GithubBankUITests.xctest; sourceTree = BUILT_PRODUCTS_DIR; };
		EF26A4AC259A707300ED5D2F /* GithubBankUITests.swift */ = {isa = PBXFileReference; lastKnownFileType = sourcecode.swift; path = GithubBankUITests.swift; sourceTree = "<group>"; };
		EF26A4AE259A707300ED5D2F /* Info.plist */ = {isa = PBXFileReference; lastKnownFileType = text.plist.xml; path = Info.plist; sourceTree = "<group>"; };
		EF26A4DE259A73C300ED5D2F /* Roboto-Bold.ttf */ = {isa = PBXFileReference; lastKnownFileType = file; path = "Roboto-Bold.ttf"; sourceTree = "<group>"; };
		EF26A4DF259A73C300ED5D2F /* Roboto-Regular.ttf */ = {isa = PBXFileReference; lastKnownFileType = file; path = "Roboto-Regular.ttf"; sourceTree = "<group>"; };
		EF26A4E0259A73C300ED5D2F /* Roboto-Thin.ttf */ = {isa = PBXFileReference; lastKnownFileType = file; path = "Roboto-Thin.ttf"; sourceTree = "<group>"; };
		EF26A4E7259A7B2900ED5D2F /* Endpoints.swift */ = {isa = PBXFileReference; lastKnownFileType = sourcecode.swift; name = Endpoints.swift; path = GithubBank/Services/Endpoints.swift; sourceTree = SOURCE_ROOT; };
		EF26A4ED259A7BCC00ED5D2F /* Worker.swift */ = {isa = PBXFileReference; lastKnownFileType = sourcecode.swift; path = Worker.swift; sourceTree = "<group>"; };
		EF26A4F3259A7C1700ED5D2F /* Request.swift */ = {isa = PBXFileReference; lastKnownFileType = sourcecode.swift; path = Request.swift; sourceTree = "<group>"; };
		EF26A4FB259A7D8100ED5D2F /* Response.swift */ = {isa = PBXFileReference; lastKnownFileType = sourcecode.swift; path = Response.swift; sourceTree = "<group>"; };
		EF26A500259A7D9800ED5D2F /* ServerError.swift */ = {isa = PBXFileReference; lastKnownFileType = sourcecode.swift; path = ServerError.swift; sourceTree = "<group>"; };
		EF26A508259A7DD400ED5D2F /* MainData.swift */ = {isa = PBXFileReference; lastKnownFileType = sourcecode.swift; path = MainData.swift; sourceTree = "<group>"; };
		EF26A50D259A7E3800ED5D2F /* Repository.swift */ = {isa = PBXFileReference; lastKnownFileType = sourcecode.swift; path = Repository.swift; sourceTree = "<group>"; };
		EF26A512259A7E9200ED5D2F /* Owner.swift */ = {isa = PBXFileReference; lastKnownFileType = sourcecode.swift; path = Owner.swift; sourceTree = "<group>"; };
		EF26A517259BA8BE00ED5D2F /* ViewCode.swift */ = {isa = PBXFileReference; lastKnownFileType = sourcecode.swift; path = ViewCode.swift; sourceTree = "<group>"; };
		EF26A51C259BA9D000ED5D2F /* Color+Extension.swift */ = {isa = PBXFileReference; lastKnownFileType = sourcecode.swift; path = "Color+Extension.swift"; sourceTree = "<group>"; };
		EF26A521259BAB9100ED5D2F /* Constants.swift */ = {isa = PBXFileReference; lastKnownFileType = sourcecode.swift; path = Constants.swift; sourceTree = "<group>"; };
		EF26A526259BCB3500ED5D2F /* ContainerView.swift */ = {isa = PBXFileReference; lastKnownFileType = sourcecode.swift; path = ContainerView.swift; sourceTree = "<group>"; };
		EF26A535259BD66F00ED5D2F /* MainInteractor.swift */ = {isa = PBXFileReference; lastKnownFileType = sourcecode.swift; path = MainInteractor.swift; sourceTree = "<group>"; };
		EF26A53D259BD82B00ED5D2F /* RepositoriesCollectionView.swift */ = {isa = PBXFileReference; lastKnownFileType = sourcecode.swift; path = RepositoriesCollectionView.swift; sourceTree = "<group>"; };
		EF26A542259BD85700ED5D2F /* RepositoriesCollectionViewCell.swift */ = {isa = PBXFileReference; lastKnownFileType = sourcecode.swift; path = RepositoriesCollectionViewCell.swift; sourceTree = "<group>"; };
		EF26A547259BD90200ED5D2F /* MainModels.swift */ = {isa = PBXFileReference; lastKnownFileType = sourcecode.swift; path = MainModels.swift; sourceTree = "<group>"; };
		EF26A54F259BDA3800ED5D2F /* MainPresenter.swift */ = {isa = PBXFileReference; lastKnownFileType = sourcecode.swift; path = MainPresenter.swift; sourceTree = "<group>"; };
		F05866450A9B3FB91FB38C1E /* Pods-GithubBankTests.release.xcconfig */ = {isa = PBXFileReference; includeInIndex = 1; lastKnownFileType = text.xcconfig; name = "Pods-GithubBankTests.release.xcconfig"; path = "Target Support Files/Pods-GithubBankTests/Pods-GithubBankTests.release.xcconfig"; sourceTree = "<group>"; };
		FD06C93137088A2DCA007EDD /* Pods-GithubBank-GithubBankUITests.release.xcconfig */ = {isa = PBXFileReference; includeInIndex = 1; lastKnownFileType = text.xcconfig; name = "Pods-GithubBank-GithubBankUITests.release.xcconfig"; path = "Target Support Files/Pods-GithubBank-GithubBankUITests/Pods-GithubBank-GithubBankUITests.release.xcconfig"; sourceTree = "<group>"; };
/* End PBXFileReference section */

/* Begin PBXFrameworksBuildPhase section */
		EF26A484259A707100ED5D2F /* Frameworks */ = {
			isa = PBXFrameworksBuildPhase;
			buildActionMask = 2147483647;
			files = (
				D4ABC8153C158A00C8E26E54 /* libPods-GithubBank.a in Frameworks */,
			);
			runOnlyForDeploymentPostprocessing = 0;
		};
		EF26A49A259A707300ED5D2F /* Frameworks */ = {
			isa = PBXFrameworksBuildPhase;
			buildActionMask = 2147483647;
			files = (
				CF4F329F414F5B812013CB01 /* libPods-GithubBankTests.a in Frameworks */,
			);
			runOnlyForDeploymentPostprocessing = 0;
		};
		EF26A4A5259A707300ED5D2F /* Frameworks */ = {
			isa = PBXFrameworksBuildPhase;
			buildActionMask = 2147483647;
			files = (
				A15E2173BB5D4D8705172ECB /* libPods-GithubBank-GithubBankUITests.a in Frameworks */,
			);
			runOnlyForDeploymentPostprocessing = 0;
		};
/* End PBXFrameworksBuildPhase section */

/* Begin PBXGroup section */
		6ED9F180D9D33B06935B4B17 /* Frameworks */ = {
			isa = PBXGroup;
			children = (
				88AD6A7E64ADB046FA8AC0A6 /* libPods-GithubBank.a */,
				07A26C142C4C2A21B7A27F57 /* libPods-GithubBank-GithubBankUITests.a */,
				641EAF4EDB2021A9B8875267 /* libPods-GithubBankTests.a */,
			);
			name = Frameworks;
			sourceTree = "<group>";
		};
		EC1473D281D3F87EC05B6EC7 /* Pods */ = {
			isa = PBXGroup;
			children = (
				E75A2D9252C684BAF8905F3F /* Pods-GithubBank.debug.xcconfig */,
				6562D8BBD945AF6418033330 /* Pods-GithubBank.release.xcconfig */,
				CA7DD489167EF3A0CFF59DF4 /* Pods-GithubBank-GithubBankUITests.debug.xcconfig */,
				FD06C93137088A2DCA007EDD /* Pods-GithubBank-GithubBankUITests.release.xcconfig */,
				A1C650BF7E8FA33511D810F9 /* Pods-GithubBankTests.debug.xcconfig */,
				F05866450A9B3FB91FB38C1E /* Pods-GithubBankTests.release.xcconfig */,
			);
			path = Pods;
			sourceTree = "<group>";
		};
		EF26A47E259A707100ED5D2F = {
			isa = PBXGroup;
			children = (
				EF26A489259A707200ED5D2F /* GithubBank */,
				EF26A4A0259A707300ED5D2F /* GithubBankTests */,
				EF26A4AB259A707300ED5D2F /* GithubBankUITests */,
				EF26A488259A707200ED5D2F /* Products */,
				EC1473D281D3F87EC05B6EC7 /* Pods */,
				6ED9F180D9D33B06935B4B17 /* Frameworks */,
			);
			sourceTree = "<group>";
		};
		EF26A488259A707200ED5D2F /* Products */ = {
			isa = PBXGroup;
			children = (
				EF26A487259A707200ED5D2F /* GithubBank.app */,
				EF26A49D259A707300ED5D2F /* GithubBankTests.xctest */,
				EF26A4A8259A707300ED5D2F /* GithubBankUITests.xctest */,
			);
			name = Products;
			sourceTree = "<group>";
		};
		EF26A489259A707200ED5D2F /* GithubBank */ = {
			isa = PBXGroup;
			children = (
				EF26A4D1259A72BE00ED5D2F /* Assets */,
				EF26A4D2259A72C600ED5D2F /* Common */,
				EF26A4D9259A72DF00ED5D2F /* Models */,
				EF26A4D7259A72D400ED5D2F /* Scenes */,
				EF26A4D6259A72CC00ED5D2F /* Services */,
				EF26A4D8259A72D900ED5D2F /* Theme */,
				EF26A48E259A707200ED5D2F /* ViewController.swift */,
				EF26A498259A707300ED5D2F /* Info.plist */,
			);
			path = GithubBank;
			sourceTree = "<group>";
		};
		EF26A4A0259A707300ED5D2F /* GithubBankTests */ = {
			isa = PBXGroup;
			children = (
				EF26A4A1259A707300ED5D2F /* GithubBankTests.swift */,
				EF26A4A3259A707300ED5D2F /* Info.plist */,
			);
			path = GithubBankTests;
			sourceTree = "<group>";
		};
		EF26A4AB259A707300ED5D2F /* GithubBankUITests */ = {
			isa = PBXGroup;
			children = (
				EF26A4AC259A707300ED5D2F /* GithubBankUITests.swift */,
				EF26A4AE259A707300ED5D2F /* Info.plist */,
			);
			path = GithubBankUITests;
			sourceTree = "<group>";
		};
		EF26A4D1259A72BE00ED5D2F /* Assets */ = {
			isa = PBXGroup;
			children = (
				EF26A493259A707300ED5D2F /* Assets.xcassets */,
				EF26A4DD259A734600ED5D2F /* Fonts */,
			);
			path = Assets;
			sourceTree = "<group>";
		};
		EF26A4D2259A72C600ED5D2F /* Common */ = {
			isa = PBXGroup;
			children = (
				EF26A495259A707300ED5D2F /* LaunchScreen.storyboard */,
				EF26A48A259A707200ED5D2F /* AppDelegate.swift */,
				EF26A48C259A707200ED5D2F /* SceneDelegate.swift */,
				EF26A517259BA8BE00ED5D2F /* ViewCode.swift */,
			);
			path = Common;
			sourceTree = "<group>";
		};
		EF26A4D6259A72CC00ED5D2F /* Services */ = {
			isa = PBXGroup;
			children = (
				EF26A4F2259A7BF300ED5D2F /* Reusable */,
				EF26A4E7259A7B2900ED5D2F /* Endpoints.swift */,
				EF26A4ED259A7BCC00ED5D2F /* Worker.swift */,
			);
			path = Services;
			sourceTree = "<group>";
		};
		EF26A4D7259A72D400ED5D2F /* Scenes */ = {
			isa = PBXGroup;
			children = (
				EF26A557259BDB6F00ED5D2F /* CollectionView */,
				EF26A535259BD66F00ED5D2F /* MainInteractor.swift */,
				EF26A54F259BDA3800ED5D2F /* MainPresenter.swift */,
				EF26A547259BD90200ED5D2F /* MainModels.swift */,
			);
			path = Scenes;
			sourceTree = "<group>";
		};
		EF26A4D8259A72D900ED5D2F /* Theme */ = {
			isa = PBXGroup;
			children = (
				EF26A4EC259A7B8100ED5D2F /* UIComponents */,
				EF26A51C259BA9D000ED5D2F /* Color+Extension.swift */,
				EF26A521259BAB9100ED5D2F /* Constants.swift */,
			);
			path = Theme;
			sourceTree = "<group>";
		};
		EF26A4D9259A72DF00ED5D2F /* Models */ = {
			isa = PBXGroup;
			children = (
				EF26A508259A7DD400ED5D2F /* MainData.swift */,
				EF26A50D259A7E3800ED5D2F /* Repository.swift */,
				EF26A512259A7E9200ED5D2F /* Owner.swift */,
			);
			path = Models;
			sourceTree = "<group>";
		};
		EF26A4DD259A734600ED5D2F /* Fonts */ = {
			isa = PBXGroup;
			children = (
				EF26A4DE259A73C300ED5D2F /* Roboto-Bold.ttf */,
				EF26A4DF259A73C300ED5D2F /* Roboto-Regular.ttf */,
				EF26A4E0259A73C300ED5D2F /* Roboto-Thin.ttf */,
			);
			path = Fonts;
			sourceTree = "<group>";
		};
		EF26A4EC259A7B8100ED5D2F /* UIComponents */ = {
			isa = PBXGroup;
			children = (
				EF26A526259BCB3500ED5D2F /* ContainerView.swift */,
				EF0FF396259CC31C000D6E3F /* OwnerData.swift */,
				EF0FF39B259CC6EA000D6E3F /* CellView.swift */,
				EF0FF3A0259CC87D000D6E3F /* StarsCounter.swift */,
				EF0FF3A5259CCA8C000D6E3F /* MainComponents.swift */,
			);
			path = UIComponents;
			sourceTree = "<group>";
		};
		EF26A4F2259A7BF300ED5D2F /* Reusable */ = {
			isa = PBXGroup;
			children = (
				EF26A4F3259A7C1700ED5D2F /* Request.swift */,
				EF26A4FB259A7D8100ED5D2F /* Response.swift */,
				EF26A500259A7D9800ED5D2F /* ServerError.swift */,
			);
			path = Reusable;
			sourceTree = "<group>";
		};
		EF26A557259BDB6F00ED5D2F /* CollectionView */ = {
			isa = PBXGroup;
			children = (
				EF26A53D259BD82B00ED5D2F /* RepositoriesCollectionView.swift */,
				EF26A542259BD85700ED5D2F /* RepositoriesCollectionViewCell.swift */,
			);
			path = CollectionView;
			sourceTree = "<group>";
		};
/* End PBXGroup section */

/* Begin PBXNativeTarget section */
		EF26A486259A707100ED5D2F /* GithubBank */ = {
			isa = PBXNativeTarget;
			buildConfigurationList = EF26A4B1259A707300ED5D2F /* Build configuration list for PBXNativeTarget "GithubBank" */;
			buildPhases = (
				AFD764DFC3548FFEF69F1CFF /* [CP] Check Pods Manifest.lock */,
				EF26A483259A707100ED5D2F /* Sources */,
				EF26A484259A707100ED5D2F /* Frameworks */,
				EF26A485259A707100ED5D2F /* Resources */,
				76A578245DE2B69B2E9E2B7B /* [CP] Copy Pods Resources */,
			);
			buildRules = (
			);
			dependencies = (
			);
			name = GithubBank;
			productName = GithubBank;
			productReference = EF26A487259A707200ED5D2F /* GithubBank.app */;
			productType = "com.apple.product-type.application";
		};
		EF26A49C259A707300ED5D2F /* GithubBankTests */ = {
			isa = PBXNativeTarget;
			buildConfigurationList = EF26A4B4259A707300ED5D2F /* Build configuration list for PBXNativeTarget "GithubBankTests" */;
			buildPhases = (
				280F238C53A9B7C2B09015E3 /* [CP] Check Pods Manifest.lock */,
				EF26A499259A707300ED5D2F /* Sources */,
				EF26A49A259A707300ED5D2F /* Frameworks */,
				EF26A49B259A707300ED5D2F /* Resources */,
			);
			buildRules = (
			);
			dependencies = (
				EF26A49F259A707300ED5D2F /* PBXTargetDependency */,
			);
			name = GithubBankTests;
			productName = GithubBankTests;
			productReference = EF26A49D259A707300ED5D2F /* GithubBankTests.xctest */;
			productType = "com.apple.product-type.bundle.unit-test";
		};
		EF26A4A7259A707300ED5D2F /* GithubBankUITests */ = {
			isa = PBXNativeTarget;
			buildConfigurationList = EF26A4B7259A707300ED5D2F /* Build configuration list for PBXNativeTarget "GithubBankUITests" */;
			buildPhases = (
				46C60CEEC80A94991E2F5E63 /* [CP] Check Pods Manifest.lock */,
				EF26A4A4259A707300ED5D2F /* Sources */,
				EF26A4A5259A707300ED5D2F /* Frameworks */,
				EF26A4A6259A707300ED5D2F /* Resources */,
				250AE7CECE61810509290EB1 /* [CP] Copy Pods Resources */,
			);
			buildRules = (
			);
			dependencies = (
				EF26A4AA259A707300ED5D2F /* PBXTargetDependency */,
			);
			name = GithubBankUITests;
			productName = GithubBankUITests;
			productReference = EF26A4A8259A707300ED5D2F /* GithubBankUITests.xctest */;
			productType = "com.apple.product-type.bundle.ui-testing";
		};
/* End PBXNativeTarget section */

/* Begin PBXProject section */
		EF26A47F259A707100ED5D2F /* Project object */ = {
			isa = PBXProject;
			attributes = {
				LastSwiftUpdateCheck = 1220;
				LastUpgradeCheck = 1220;
				TargetAttributes = {
					EF26A486259A707100ED5D2F = {
						CreatedOnToolsVersion = 12.2;
					};
					EF26A49C259A707300ED5D2F = {
						CreatedOnToolsVersion = 12.2;
						TestTargetID = EF26A486259A707100ED5D2F;
					};
					EF26A4A7259A707300ED5D2F = {
						CreatedOnToolsVersion = 12.2;
						TestTargetID = EF26A486259A707100ED5D2F;
					};
				};
			};
			buildConfigurationList = EF26A482259A707100ED5D2F /* Build configuration list for PBXProject "GithubBank" */;
			compatibilityVersion = "Xcode 9.3";
			developmentRegion = en;
			hasScannedForEncodings = 0;
			knownRegions = (
				en,
				Base,
			);
			mainGroup = EF26A47E259A707100ED5D2F;
			productRefGroup = EF26A488259A707200ED5D2F /* Products */;
			projectDirPath = "";
			projectRoot = "";
			targets = (
				EF26A486259A707100ED5D2F /* GithubBank */,
				EF26A49C259A707300ED5D2F /* GithubBankTests */,
				EF26A4A7259A707300ED5D2F /* GithubBankUITests */,
			);
		};
/* End PBXProject section */

/* Begin PBXResourcesBuildPhase section */
		EF26A485259A707100ED5D2F /* Resources */ = {
			isa = PBXResourcesBuildPhase;
			buildActionMask = 2147483647;
			files = (
				EF26A497259A707300ED5D2F /* LaunchScreen.storyboard in Resources */,
				EF26A494259A707300ED5D2F /* Assets.xcassets in Resources */,
				EF26A4E3259A73C300ED5D2F /* Roboto-Thin.ttf in Resources */,
				EF26A4E2259A73C300ED5D2F /* Roboto-Regular.ttf in Resources */,
				EF26A4E1259A73C300ED5D2F /* Roboto-Bold.ttf in Resources */,
			);
			runOnlyForDeploymentPostprocessing = 0;
		};
		EF26A49B259A707300ED5D2F /* Resources */ = {
			isa = PBXResourcesBuildPhase;
			buildActionMask = 2147483647;
			files = (
			);
			runOnlyForDeploymentPostprocessing = 0;
		};
		EF26A4A6259A707300ED5D2F /* Resources */ = {
			isa = PBXResourcesBuildPhase;
			buildActionMask = 2147483647;
			files = (
			);
			runOnlyForDeploymentPostprocessing = 0;
		};
/* End PBXResourcesBuildPhase section */

/* Begin PBXShellScriptBuildPhase section */
		250AE7CECE61810509290EB1 /* [CP] Copy Pods Resources */ = {
			isa = PBXShellScriptBuildPhase;
			buildActionMask = 2147483647;
			files = (
			);
			inputFileListPaths = (
				"${PODS_ROOT}/Target Support Files/Pods-GithubBank-GithubBankUITests/Pods-GithubBank-GithubBankUITests-resources-${CONFIGURATION}-input-files.xcfilelist",
			);
			name = "[CP] Copy Pods Resources";
			outputFileListPaths = (
				"${PODS_ROOT}/Target Support Files/Pods-GithubBank-GithubBankUITests/Pods-GithubBank-GithubBankUITests-resources-${CONFIGURATION}-output-files.xcfilelist",
			);
			runOnlyForDeploymentPostprocessing = 0;
			shellPath = /bin/sh;
			shellScript = "\"${PODS_ROOT}/Target Support Files/Pods-GithubBank-GithubBankUITests/Pods-GithubBank-GithubBankUITests-resources.sh\"\n";
			showEnvVarsInLog = 0;
		};
		280F238C53A9B7C2B09015E3 /* [CP] Check Pods Manifest.lock */ = {
			isa = PBXShellScriptBuildPhase;
			buildActionMask = 2147483647;
			files = (
			);
			inputFileListPaths = (
			);
			inputPaths = (
				"${PODS_PODFILE_DIR_PATH}/Podfile.lock",
				"${PODS_ROOT}/Manifest.lock",
			);
			name = "[CP] Check Pods Manifest.lock";
			outputFileListPaths = (
			);
			outputPaths = (
				"$(DERIVED_FILE_DIR)/Pods-GithubBankTests-checkManifestLockResult.txt",
			);
			runOnlyForDeploymentPostprocessing = 0;
			shellPath = /bin/sh;
			shellScript = "diff \"${PODS_PODFILE_DIR_PATH}/Podfile.lock\" \"${PODS_ROOT}/Manifest.lock\" > /dev/null\nif [ $? != 0 ] ; then\n    # print error to STDERR\n    echo \"error: The sandbox is not in sync with the Podfile.lock. Run 'pod install' or update your CocoaPods installation.\" >&2\n    exit 1\nfi\n# This output is used by Xcode 'outputs' to avoid re-running this script phase.\necho \"SUCCESS\" > \"${SCRIPT_OUTPUT_FILE_0}\"\n";
			showEnvVarsInLog = 0;
		};
		46C60CEEC80A94991E2F5E63 /* [CP] Check Pods Manifest.lock */ = {
			isa = PBXShellScriptBuildPhase;
			buildActionMask = 2147483647;
			files = (
			);
			inputFileListPaths = (
			);
			inputPaths = (
				"${PODS_PODFILE_DIR_PATH}/Podfile.lock",
				"${PODS_ROOT}/Manifest.lock",
			);
			name = "[CP] Check Pods Manifest.lock";
			outputFileListPaths = (
			);
			outputPaths = (
				"$(DERIVED_FILE_DIR)/Pods-GithubBank-GithubBankUITests-checkManifestLockResult.txt",
			);
			runOnlyForDeploymentPostprocessing = 0;
			shellPath = /bin/sh;
			shellScript = "diff \"${PODS_PODFILE_DIR_PATH}/Podfile.lock\" \"${PODS_ROOT}/Manifest.lock\" > /dev/null\nif [ $? != 0 ] ; then\n    # print error to STDERR\n    echo \"error: The sandbox is not in sync with the Podfile.lock. Run 'pod install' or update your CocoaPods installation.\" >&2\n    exit 1\nfi\n# This output is used by Xcode 'outputs' to avoid re-running this script phase.\necho \"SUCCESS\" > \"${SCRIPT_OUTPUT_FILE_0}\"\n";
			showEnvVarsInLog = 0;
		};
		76A578245DE2B69B2E9E2B7B /* [CP] Copy Pods Resources */ = {
			isa = PBXShellScriptBuildPhase;
			buildActionMask = 2147483647;
			files = (
			);
			inputFileListPaths = (
				"${PODS_ROOT}/Target Support Files/Pods-GithubBank/Pods-GithubBank-resources-${CONFIGURATION}-input-files.xcfilelist",
			);
			name = "[CP] Copy Pods Resources";
			outputFileListPaths = (
				"${PODS_ROOT}/Target Support Files/Pods-GithubBank/Pods-GithubBank-resources-${CONFIGURATION}-output-files.xcfilelist",
			);
			runOnlyForDeploymentPostprocessing = 0;
			shellPath = /bin/sh;
			shellScript = "\"${PODS_ROOT}/Target Support Files/Pods-GithubBank/Pods-GithubBank-resources.sh\"\n";
			showEnvVarsInLog = 0;
		};
		AFD764DFC3548FFEF69F1CFF /* [CP] Check Pods Manifest.lock */ = {
			isa = PBXShellScriptBuildPhase;
			buildActionMask = 2147483647;
			files = (
			);
			inputFileListPaths = (
			);
			inputPaths = (
				"${PODS_PODFILE_DIR_PATH}/Podfile.lock",
				"${PODS_ROOT}/Manifest.lock",
			);
			name = "[CP] Check Pods Manifest.lock";
			outputFileListPaths = (
			);
			outputPaths = (
				"$(DERIVED_FILE_DIR)/Pods-GithubBank-checkManifestLockResult.txt",
			);
			runOnlyForDeploymentPostprocessing = 0;
			shellPath = /bin/sh;
			shellScript = "diff \"${PODS_PODFILE_DIR_PATH}/Podfile.lock\" \"${PODS_ROOT}/Manifest.lock\" > /dev/null\nif [ $? != 0 ] ; then\n    # print error to STDERR\n    echo \"error: The sandbox is not in sync with the Podfile.lock. Run 'pod install' or update your CocoaPods installation.\" >&2\n    exit 1\nfi\n# This output is used by Xcode 'outputs' to avoid re-running this script phase.\necho \"SUCCESS\" > \"${SCRIPT_OUTPUT_FILE_0}\"\n";
			showEnvVarsInLog = 0;
		};
/* End PBXShellScriptBuildPhase section */

/* Begin PBXSourcesBuildPhase section */
		EF26A483259A707100ED5D2F /* Sources */ = {
			isa = PBXSourcesBuildPhase;
			buildActionMask = 2147483647;
			files = (
				EF0FF3A1259CC87D000D6E3F /* StarsCounter.swift in Sources */,
				EF0FF39C259CC6EA000D6E3F /* CellView.swift in Sources */,
				EF0FF3A6259CCA8C000D6E3F /* MainComponents.swift in Sources */,
				EF26A4EE259A7BCC00ED5D2F /* Worker.swift in Sources */,
				EF26A53E259BD82B00ED5D2F /* RepositoriesCollectionView.swift in Sources */,
				EF26A4F4259A7C1700ED5D2F /* Request.swift in Sources */,
				EF26A501259A7D9800ED5D2F /* ServerError.swift in Sources */,
				EF26A48F259A707200ED5D2F /* ViewController.swift in Sources */,
				EF26A548259BD90200ED5D2F /* MainModels.swift in Sources */,
				EF26A509259A7DD400ED5D2F /* MainData.swift in Sources */,
				EF26A48B259A707200ED5D2F /* AppDelegate.swift in Sources */,
				EF26A527259BCB3500ED5D2F /* ContainerView.swift in Sources */,
				EF26A4E8259A7B2900ED5D2F /* Endpoints.swift in Sources */,
				EF26A50E259A7E3800ED5D2F /* Repository.swift in Sources */,
				EF26A513259A7E9200ED5D2F /* Owner.swift in Sources */,
				EF26A48D259A707200ED5D2F /* SceneDelegate.swift in Sources */,
				EF26A4FC259A7D8100ED5D2F /* Response.swift in Sources */,
				EF26A522259BAB9100ED5D2F /* Constants.swift in Sources */,
				EF26A550259BDA3800ED5D2F /* MainPresenter.swift in Sources */,
				EF26A518259BA8BE00ED5D2F /* ViewCode.swift in Sources */,
				EF26A51D259BA9D000ED5D2F /* Color+Extension.swift in Sources */,
				EF26A543259BD85700ED5D2F /* RepositoriesCollectionViewCell.swift in Sources */,
				EF0FF397259CC31C000D6E3F /* OwnerData.swift in Sources */,
				EF26A536259BD66F00ED5D2F /* MainInteractor.swift in Sources */,
			);
			runOnlyForDeploymentPostprocessing = 0;
		};
		EF26A499259A707300ED5D2F /* Sources */ = {
			isa = PBXSourcesBuildPhase;
			buildActionMask = 2147483647;
			files = (
				EF26A4A2259A707300ED5D2F /* GithubBankTests.swift in Sources */,
			);
			runOnlyForDeploymentPostprocessing = 0;
		};
		EF26A4A4259A707300ED5D2F /* Sources */ = {
			isa = PBXSourcesBuildPhase;
			buildActionMask = 2147483647;
			files = (
				EF26A4AD259A707300ED5D2F /* GithubBankUITests.swift in Sources */,
			);
			runOnlyForDeploymentPostprocessing = 0;
		};
/* End PBXSourcesBuildPhase section */

/* Begin PBXTargetDependency section */
		EF26A49F259A707300ED5D2F /* PBXTargetDependency */ = {
			isa = PBXTargetDependency;
			target = EF26A486259A707100ED5D2F /* GithubBank */;
			targetProxy = EF26A49E259A707300ED5D2F /* PBXContainerItemProxy */;
		};
		EF26A4AA259A707300ED5D2F /* PBXTargetDependency */ = {
			isa = PBXTargetDependency;
			target = EF26A486259A707100ED5D2F /* GithubBank */;
			targetProxy = EF26A4A9259A707300ED5D2F /* PBXContainerItemProxy */;
		};
/* End PBXTargetDependency section */

/* Begin PBXVariantGroup section */
		EF26A495259A707300ED5D2F /* LaunchScreen.storyboard */ = {
			isa = PBXVariantGroup;
			children = (
				EF26A496259A707300ED5D2F /* Base */,
			);
			name = LaunchScreen.storyboard;
			sourceTree = "<group>";
		};
/* End PBXVariantGroup section */

/* Begin XCBuildConfiguration section */
		EF26A4AF259A707300ED5D2F /* Debug */ = {
			isa = XCBuildConfiguration;
			buildSettings = {
				ALWAYS_SEARCH_USER_PATHS = NO;
				CLANG_ANALYZER_NONNULL = YES;
				CLANG_ANALYZER_NUMBER_OBJECT_CONVERSION = YES_AGGRESSIVE;
				CLANG_CXX_LANGUAGE_STANDARD = "gnu++14";
				CLANG_CXX_LIBRARY = "libc++";
				CLANG_ENABLE_MODULES = YES;
				CLANG_ENABLE_OBJC_ARC = YES;
				CLANG_ENABLE_OBJC_WEAK = YES;
				CLANG_WARN_BLOCK_CAPTURE_AUTORELEASING = YES;
				CLANG_WARN_BOOL_CONVERSION = YES;
				CLANG_WARN_COMMA = YES;
				CLANG_WARN_CONSTANT_CONVERSION = YES;
				CLANG_WARN_DEPRECATED_OBJC_IMPLEMENTATIONS = YES;
				CLANG_WARN_DIRECT_OBJC_ISA_USAGE = YES_ERROR;
				CLANG_WARN_DOCUMENTATION_COMMENTS = YES;
				CLANG_WARN_EMPTY_BODY = YES;
				CLANG_WARN_ENUM_CONVERSION = YES;
				CLANG_WARN_INFINITE_RECURSION = YES;
				CLANG_WARN_INT_CONVERSION = YES;
				CLANG_WARN_NON_LITERAL_NULL_CONVERSION = YES;
				CLANG_WARN_OBJC_IMPLICIT_RETAIN_SELF = YES;
				CLANG_WARN_OBJC_LITERAL_CONVERSION = YES;
				CLANG_WARN_OBJC_ROOT_CLASS = YES_ERROR;
				CLANG_WARN_QUOTED_INCLUDE_IN_FRAMEWORK_HEADER = YES;
				CLANG_WARN_RANGE_LOOP_ANALYSIS = YES;
				CLANG_WARN_STRICT_PROTOTYPES = YES;
				CLANG_WARN_SUSPICIOUS_MOVE = YES;
				CLANG_WARN_UNGUARDED_AVAILABILITY = YES_AGGRESSIVE;
				CLANG_WARN_UNREACHABLE_CODE = YES;
				CLANG_WARN__DUPLICATE_METHOD_MATCH = YES;
				COPY_PHASE_STRIP = NO;
				DEBUG_INFORMATION_FORMAT = dwarf;
				ENABLE_STRICT_OBJC_MSGSEND = YES;
				ENABLE_TESTABILITY = YES;
				GCC_C_LANGUAGE_STANDARD = gnu11;
				GCC_DYNAMIC_NO_PIC = NO;
				GCC_NO_COMMON_BLOCKS = YES;
				GCC_OPTIMIZATION_LEVEL = 0;
				GCC_PREPROCESSOR_DEFINITIONS = (
					"DEBUG=1",
					"$(inherited)",
				);
				GCC_WARN_64_TO_32_BIT_CONVERSION = YES;
				GCC_WARN_ABOUT_RETURN_TYPE = YES_ERROR;
				GCC_WARN_UNDECLARED_SELECTOR = YES;
				GCC_WARN_UNINITIALIZED_AUTOS = YES_AGGRESSIVE;
				GCC_WARN_UNUSED_FUNCTION = YES;
				GCC_WARN_UNUSED_VARIABLE = YES;
				IPHONEOS_DEPLOYMENT_TARGET = 14.2;
				MTL_ENABLE_DEBUG_INFO = INCLUDE_SOURCE;
				MTL_FAST_MATH = YES;
				ONLY_ACTIVE_ARCH = YES;
				SDKROOT = iphoneos;
				SWIFT_ACTIVE_COMPILATION_CONDITIONS = DEBUG;
				SWIFT_OPTIMIZATION_LEVEL = "-Onone";
			};
			name = Debug;
		};
		EF26A4B0259A707300ED5D2F /* Release */ = {
			isa = XCBuildConfiguration;
			buildSettings = {
				ALWAYS_SEARCH_USER_PATHS = NO;
				CLANG_ANALYZER_NONNULL = YES;
				CLANG_ANALYZER_NUMBER_OBJECT_CONVERSION = YES_AGGRESSIVE;
				CLANG_CXX_LANGUAGE_STANDARD = "gnu++14";
				CLANG_CXX_LIBRARY = "libc++";
				CLANG_ENABLE_MODULES = YES;
				CLANG_ENABLE_OBJC_ARC = YES;
				CLANG_ENABLE_OBJC_WEAK = YES;
				CLANG_WARN_BLOCK_CAPTURE_AUTORELEASING = YES;
				CLANG_WARN_BOOL_CONVERSION = YES;
				CLANG_WARN_COMMA = YES;
				CLANG_WARN_CONSTANT_CONVERSION = YES;
				CLANG_WARN_DEPRECATED_OBJC_IMPLEMENTATIONS = YES;
				CLANG_WARN_DIRECT_OBJC_ISA_USAGE = YES_ERROR;
				CLANG_WARN_DOCUMENTATION_COMMENTS = YES;
				CLANG_WARN_EMPTY_BODY = YES;
				CLANG_WARN_ENUM_CONVERSION = YES;
				CLANG_WARN_INFINITE_RECURSION = YES;
				CLANG_WARN_INT_CONVERSION = YES;
				CLANG_WARN_NON_LITERAL_NULL_CONVERSION = YES;
				CLANG_WARN_OBJC_IMPLICIT_RETAIN_SELF = YES;
				CLANG_WARN_OBJC_LITERAL_CONVERSION = YES;
				CLANG_WARN_OBJC_ROOT_CLASS = YES_ERROR;
				CLANG_WARN_QUOTED_INCLUDE_IN_FRAMEWORK_HEADER = YES;
				CLANG_WARN_RANGE_LOOP_ANALYSIS = YES;
				CLANG_WARN_STRICT_PROTOTYPES = YES;
				CLANG_WARN_SUSPICIOUS_MOVE = YES;
				CLANG_WARN_UNGUARDED_AVAILABILITY = YES_AGGRESSIVE;
				CLANG_WARN_UNREACHABLE_CODE = YES;
				CLANG_WARN__DUPLICATE_METHOD_MATCH = YES;
				COPY_PHASE_STRIP = NO;
				DEBUG_INFORMATION_FORMAT = "dwarf-with-dsym";
				ENABLE_NS_ASSERTIONS = NO;
				ENABLE_STRICT_OBJC_MSGSEND = YES;
				GCC_C_LANGUAGE_STANDARD = gnu11;
				GCC_NO_COMMON_BLOCKS = YES;
				GCC_WARN_64_TO_32_BIT_CONVERSION = YES;
				GCC_WARN_ABOUT_RETURN_TYPE = YES_ERROR;
				GCC_WARN_UNDECLARED_SELECTOR = YES;
				GCC_WARN_UNINITIALIZED_AUTOS = YES_AGGRESSIVE;
				GCC_WARN_UNUSED_FUNCTION = YES;
				GCC_WARN_UNUSED_VARIABLE = YES;
				IPHONEOS_DEPLOYMENT_TARGET = 14.2;
				MTL_ENABLE_DEBUG_INFO = NO;
				MTL_FAST_MATH = YES;
				SDKROOT = iphoneos;
				SWIFT_COMPILATION_MODE = wholemodule;
				SWIFT_OPTIMIZATION_LEVEL = "-O";
				VALIDATE_PRODUCT = YES;
			};
			name = Release;
		};
		EF26A4B2259A707300ED5D2F /* Debug */ = {
			isa = XCBuildConfiguration;
			baseConfigurationReference = E75A2D9252C684BAF8905F3F /* Pods-GithubBank.debug.xcconfig */;
			buildSettings = {
				ASSETCATALOG_COMPILER_APPICON_NAME = AppIcon;
				ASSETCATALOG_COMPILER_GLOBAL_ACCENT_COLOR_NAME = AccentColor;
				CODE_SIGN_STYLE = Automatic;
				DEVELOPMENT_TEAM = F48MGZ2AUR;
				INFOPLIST_FILE = GithubBank/Info.plist;
				LD_RUNPATH_SEARCH_PATHS = (
					"$(inherited)",
					"@executable_path/Frameworks",
				);
				PRODUCT_BUNDLE_IDENTIFIER = tcasablancas.GithubBank;
				PRODUCT_NAME = "$(TARGET_NAME)";
				SWIFT_VERSION = 5.0;
				TARGETED_DEVICE_FAMILY = "1,2";
			};
			name = Debug;
		};
		EF26A4B3259A707300ED5D2F /* Release */ = {
			isa = XCBuildConfiguration;
			baseConfigurationReference = 6562D8BBD945AF6418033330 /* Pods-GithubBank.release.xcconfig */;
			buildSettings = {
				ASSETCATALOG_COMPILER_APPICON_NAME = AppIcon;
				ASSETCATALOG_COMPILER_GLOBAL_ACCENT_COLOR_NAME = AccentColor;
				CODE_SIGN_STYLE = Automatic;
				DEVELOPMENT_TEAM = F48MGZ2AUR;
				INFOPLIST_FILE = GithubBank/Info.plist;
				LD_RUNPATH_SEARCH_PATHS = (
					"$(inherited)",
					"@executable_path/Frameworks",
				);
				PRODUCT_BUNDLE_IDENTIFIER = tcasablancas.GithubBank;
				PRODUCT_NAME = "$(TARGET_NAME)";
				SWIFT_VERSION = 5.0;
				TARGETED_DEVICE_FAMILY = "1,2";
			};
			name = Release;
		};
		EF26A4B5259A707300ED5D2F /* Debug */ = {
			isa = XCBuildConfiguration;
			baseConfigurationReference = A1C650BF7E8FA33511D810F9 /* Pods-GithubBankTests.debug.xcconfig */;
			buildSettings = {
				ALWAYS_EMBED_SWIFT_STANDARD_LIBRARIES = YES;
				BUNDLE_LOADER = "$(TEST_HOST)";
				CODE_SIGN_STYLE = Automatic;
				DEVELOPMENT_TEAM = F48MGZ2AUR;
				INFOPLIST_FILE = GithubBankTests/Info.plist;
				IPHONEOS_DEPLOYMENT_TARGET = 14.2;
				LD_RUNPATH_SEARCH_PATHS = (
					"$(inherited)",
					"@executable_path/Frameworks",
					"@loader_path/Frameworks",
				);
				PRODUCT_BUNDLE_IDENTIFIER = tcasablancas.GithubBankTests;
				PRODUCT_NAME = "$(TARGET_NAME)";
				SWIFT_VERSION = 5.0;
				TARGETED_DEVICE_FAMILY = "1,2";
				TEST_HOST = "$(BUILT_PRODUCTS_DIR)/GithubBank.app/GithubBank";
			};
			name = Debug;
		};
		EF26A4B6259A707300ED5D2F /* Release */ = {
			isa = XCBuildConfiguration;
			baseConfigurationReference = F05866450A9B3FB91FB38C1E /* Pods-GithubBankTests.release.xcconfig */;
			buildSettings = {
				ALWAYS_EMBED_SWIFT_STANDARD_LIBRARIES = YES;
				BUNDLE_LOADER = "$(TEST_HOST)";
				CODE_SIGN_STYLE = Automatic;
				DEVELOPMENT_TEAM = F48MGZ2AUR;
				INFOPLIST_FILE = GithubBankTests/Info.plist;
				IPHONEOS_DEPLOYMENT_TARGET = 14.2;
				LD_RUNPATH_SEARCH_PATHS = (
					"$(inherited)",
					"@executable_path/Frameworks",
					"@loader_path/Frameworks",
				);
				PRODUCT_BUNDLE_IDENTIFIER = tcasablancas.GithubBankTests;
				PRODUCT_NAME = "$(TARGET_NAME)";
				SWIFT_VERSION = 5.0;
				TARGETED_DEVICE_FAMILY = "1,2";
				TEST_HOST = "$(BUILT_PRODUCTS_DIR)/GithubBank.app/GithubBank";
			};
			name = Release;
		};
		EF26A4B8259A707300ED5D2F /* Debug */ = {
			isa = XCBuildConfiguration;
			baseConfigurationReference = CA7DD489167EF3A0CFF59DF4 /* Pods-GithubBank-GithubBankUITests.debug.xcconfig */;
			buildSettings = {
				ALWAYS_EMBED_SWIFT_STANDARD_LIBRARIES = YES;
				CODE_SIGN_STYLE = Automatic;
				DEVELOPMENT_TEAM = F48MGZ2AUR;
				INFOPLIST_FILE = GithubBankUITests/Info.plist;
				LD_RUNPATH_SEARCH_PATHS = (
					"$(inherited)",
					"@executable_path/Frameworks",
					"@loader_path/Frameworks",
				);
				PRODUCT_BUNDLE_IDENTIFIER = tcasablancas.GithubBankUITests;
				PRODUCT_NAME = "$(TARGET_NAME)";
				SWIFT_VERSION = 5.0;
				TARGETED_DEVICE_FAMILY = "1,2";
				TEST_TARGET_NAME = GithubBank;
			};
			name = Debug;
		};
		EF26A4B9259A707300ED5D2F /* Release */ = {
			isa = XCBuildConfiguration;
			baseConfigurationReference = FD06C93137088A2DCA007EDD /* Pods-GithubBank-GithubBankUITests.release.xcconfig */;
			buildSettings = {
				ALWAYS_EMBED_SWIFT_STANDARD_LIBRARIES = YES;
				CODE_SIGN_STYLE = Automatic;
				DEVELOPMENT_TEAM = F48MGZ2AUR;
				INFOPLIST_FILE = GithubBankUITests/Info.plist;
				LD_RUNPATH_SEARCH_PATHS = (
					"$(inherited)",
					"@executable_path/Frameworks",
					"@loader_path/Frameworks",
				);
				PRODUCT_BUNDLE_IDENTIFIER = tcasablancas.GithubBankUITests;
				PRODUCT_NAME = "$(TARGET_NAME)";
				SWIFT_VERSION = 5.0;
				TARGETED_DEVICE_FAMILY = "1,2";
				TEST_TARGET_NAME = GithubBank;
			};
			name = Release;
		};
/* End XCBuildConfiguration section */

/* Begin XCConfigurationList section */
		EF26A482259A707100ED5D2F /* Build configuration list for PBXProject "GithubBank" */ = {
			isa = XCConfigurationList;
			buildConfigurations = (
				EF26A4AF259A707300ED5D2F /* Debug */,
				EF26A4B0259A707300ED5D2F /* Release */,
			);
			defaultConfigurationIsVisible = 0;
			defaultConfigurationName = Release;
		};
		EF26A4B1259A707300ED5D2F /* Build configuration list for PBXNativeTarget "GithubBank" */ = {
			isa = XCConfigurationList;
			buildConfigurations = (
				EF26A4B2259A707300ED5D2F /* Debug */,
				EF26A4B3259A707300ED5D2F /* Release */,
			);
			defaultConfigurationIsVisible = 0;
			defaultConfigurationName = Release;
		};
		EF26A4B4259A707300ED5D2F /* Build configuration list for PBXNativeTarget "GithubBankTests" */ = {
			isa = XCConfigurationList;
			buildConfigurations = (
				EF26A4B5259A707300ED5D2F /* Debug */,
				EF26A4B6259A707300ED5D2F /* Release */,
			);
			defaultConfigurationIsVisible = 0;
			defaultConfigurationName = Release;
		};
		EF26A4B7259A707300ED5D2F /* Build configuration list for PBXNativeTarget "GithubBankUITests" */ = {
			isa = XCConfigurationList;
			buildConfigurations = (
				EF26A4B8259A707300ED5D2F /* Debug */,
				EF26A4B9259A707300ED5D2F /* Release */,
			);
			defaultConfigurationIsVisible = 0;
			defaultConfigurationName = Release;
		};
/* End XCConfigurationList section */
	};
	rootObject = EF26A47F259A707100ED5D2F /* Project object */;
}
